// !$*UTF8*$!
{
	archiveVersion = 1;
	classes = {
	};
	objectVersion = 50;
	objects = {

/* Begin PBXBuildFile section */
		3790F49621D319E40060EA85 /* JavaScriptCore.framework in Frameworks */ = {isa = PBXBuildFile; fileRef = 3790F49521D319E40060EA85 /* JavaScriptCore.framework */; };
		37D4FCA321CA336E00496B69 /* AppDelegate.m in Sources */ = {isa = PBXBuildFile; fileRef = 37D4FCA221CA336E00496B69 /* AppDelegate.m */; };
		37D4FCA621CA336E00496B69 /* ViewController.m in Sources */ = {isa = PBXBuildFile; fileRef = 37D4FCA521CA336E00496B69 /* ViewController.m */; };
		37D4FCA921CA336E00496B69 /* Main.storyboard in Resources */ = {isa = PBXBuildFile; fileRef = 37D4FCA721CA336E00496B69 /* Main.storyboard */; };
		37D4FCAB21CA336F00496B69 /* Assets.xcassets in Resources */ = {isa = PBXBuildFile; fileRef = 37D4FCAA21CA336F00496B69 /* Assets.xcassets */; };
		37D4FCAE21CA336F00496B69 /* LaunchScreen.storyboard in Resources */ = {isa = PBXBuildFile; fileRef = 37D4FCAC21CA336F00496B69 /* LaunchScreen.storyboard */; };
		37D4FCB121CA336F00496B69 /* main.m in Sources */ = {isa = PBXBuildFile; fileRef = 37D4FCB021CA336F00496B69 /* main.m */; };
		37D4FCCE21CB2EAF00496B69 /* GICXMLLayoutDevTools.m in Sources */ = {isa = PBXBuildFile; fileRef = 37D4FCCC21CB2EAF00496B69 /* GICXMLLayoutDevTools.m */; };
		37D4FCD621CB7C6900496B69 /* GICFileWatcher.html in Resources */ = {isa = PBXBuildFile; fileRef = 37D4FCD521CB7C6900496B69 /* GICFileWatcher.html */; };
		37D4FCDC21CB82F700496B69 /* PackageManager.m in Sources */ = {isa = PBXBuildFile; fileRef = 37D4FCDB21CB82F700496B69 /* PackageManager.m */; };
		37D4FCEC21CC869700496B69 /* project in Resources */ = {isa = PBXBuildFile; fileRef = 37D4FCEB21CC869700496B69 /* project */; };
		37D4FCEF21CC86B300496B69 /* JSAPIExtension.m in Sources */ = {isa = PBXBuildFile; fileRef = 37D4FCED21CC86B200496B69 /* JSAPIExtension.m */; };
		AA4C448539201CDE4645A994 /* Pods_GICTutorial.framework in Frameworks */ = {isa = PBXBuildFile; fileRef = D3BE371FC1A9E9275C2F3ECC /* Pods_GICTutorial.framework */; };
/* End PBXBuildFile section */

/* Begin PBXFileReference section */
		1744B769CEFB5A5D60860BB2 /* Pods-GICTutorial.release.xcconfig */ = {isa = PBXFileReference; includeInIndex = 1; lastKnownFileType = text.xcconfig; name = "Pods-GICTutorial.release.xcconfig"; path = "Pods/Target Support Files/Pods-GICTutorial/Pods-GICTutorial.release.xcconfig"; sourceTree = "<group>"; };
		2664D5E9FD19C1DB134EFBE1 /* Pods-GICTutorial.debug.xcconfig */ = {isa = PBXFileReference; includeInIndex = 1; lastKnownFileType = text.xcconfig; name = "Pods-GICTutorial.debug.xcconfig"; path = "Pods/Target Support Files/Pods-GICTutorial/Pods-GICTutorial.debug.xcconfig"; sourceTree = "<group>"; };
		3790F49521D319E40060EA85 /* JavaScriptCore.framework */ = {isa = PBXFileReference; lastKnownFileType = wrapper.framework; name = JavaScriptCore.framework; path = System/Library/Frameworks/JavaScriptCore.framework; sourceTree = SDKROOT; };
		37D4FC9E21CA336E00496B69 /* GICTutorial.app */ = {isa = PBXFileReference; explicitFileType = wrapper.application; includeInIndex = 0; path = GICTutorial.app; sourceTree = BUILT_PRODUCTS_DIR; };
		37D4FCA121CA336E00496B69 /* AppDelegate.h */ = {isa = PBXFileReference; lastKnownFileType = sourcecode.c.h; path = AppDelegate.h; sourceTree = "<group>"; };
		37D4FCA221CA336E00496B69 /* AppDelegate.m */ = {isa = PBXFileReference; lastKnownFileType = sourcecode.c.objc; path = AppDelegate.m; sourceTree = "<group>"; };
		37D4FCA421CA336E00496B69 /* ViewController.h */ = {isa = PBXFileReference; lastKnownFileType = sourcecode.c.h; path = ViewController.h; sourceTree = "<group>"; };
		37D4FCA521CA336E00496B69 /* ViewController.m */ = {isa = PBXFileReference; lastKnownFileType = sourcecode.c.objc; path = ViewController.m; sourceTree = "<group>"; };
		37D4FCA821CA336E00496B69 /* Base */ = {isa = PBXFileReference; lastKnownFileType = file.storyboard; name = Base; path = Base.lproj/Main.storyboard; sourceTree = "<group>"; };
		37D4FCAA21CA336F00496B69 /* Assets.xcassets */ = {isa = PBXFileReference; lastKnownFileType = folder.assetcatalog; path = Assets.xcassets; sourceTree = "<group>"; };
		37D4FCAD21CA336F00496B69 /* Base */ = {isa = PBXFileReference; lastKnownFileType = file.storyboard; name = Base; path = Base.lproj/LaunchScreen.storyboard; sourceTree = "<group>"; };
		37D4FCAF21CA336F00496B69 /* Info.plist */ = {isa = PBXFileReference; lastKnownFileType = text.plist.xml; path = Info.plist; sourceTree = "<group>"; };
		37D4FCB021CA336F00496B69 /* main.m */ = {isa = PBXFileReference; lastKnownFileType = sourcecode.c.objc; path = main.m; sourceTree = "<group>"; };
		37D4FCCC21CB2EAF00496B69 /* GICXMLLayoutDevTools.m */ = {isa = PBXFileReference; fileEncoding = 4; lastKnownFileType = sourcecode.c.objc; path = GICXMLLayoutDevTools.m; sourceTree = "<group>"; };
		37D4FCCD21CB2EAF00496B69 /* GICXMLLayoutDevTools.h */ = {isa = PBXFileReference; fileEncoding = 4; lastKnownFileType = sourcecode.c.h; path = GICXMLLayoutDevTools.h; sourceTree = "<group>"; };
		37D4FCD521CB7C6900496B69 /* GICFileWatcher.html */ = {isa = PBXFileReference; fileEncoding = 4; lastKnownFileType = text.html; path = GICFileWatcher.html; sourceTree = "<group>"; };
		37D4FCDA21CB82F600496B69 /* PackageManager.h */ = {isa = PBXFileReference; fileEncoding = 4; lastKnownFileType = sourcecode.c.h; path = PackageManager.h; sourceTree = "<group>"; };
		37D4FCDB21CB82F700496B69 /* PackageManager.m */ = {isa = PBXFileReference; fileEncoding = 4; lastKnownFileType = sourcecode.c.objc; path = PackageManager.m; sourceTree = "<group>"; };
		37D4FCEB21CC869700496B69 /* project */ = {isa = PBXFileReference; lastKnownFileType = folder; name = project; path = build/project; sourceTree = "<group>"; };
		37D4FCED21CC86B200496B69 /* JSAPIExtension.m */ = {isa = PBXFileReference; fileEncoding = 4; lastKnownFileType = sourcecode.c.objc; path = JSAPIExtension.m; sourceTree = "<group>"; };
		37D4FCEE21CC86B200496B69 /* JSAPIExtension.h */ = {isa = PBXFileReference; fileEncoding = 4; lastKnownFileType = sourcecode.c.h; path = JSAPIExtension.h; sourceTree = "<group>"; };
		D3BE371FC1A9E9275C2F3ECC /* Pods_GICTutorial.framework */ = {isa = PBXFileReference; explicitFileType = wrapper.framework; includeInIndex = 0; path = Pods_GICTutorial.framework; sourceTree = BUILT_PRODUCTS_DIR; };
/* End PBXFileReference section */

/* Begin PBXFrameworksBuildPhase section */
		37D4FC9B21CA336E00496B69 /* Frameworks */ = {
			isa = PBXFrameworksBuildPhase;
			buildActionMask = 2147483647;
			files = (
				3790F49621D319E40060EA85 /* JavaScriptCore.framework in Frameworks */,
				AA4C448539201CDE4645A994 /* Pods_GICTutorial.framework in Frameworks */,
			);
			runOnlyForDeploymentPostprocessing = 0;
		};
/* End PBXFrameworksBuildPhase section */

/* Begin PBXGroup section */
		3790F49421D319E40060EA85 /* Frameworks */ = {
			isa = PBXGroup;
			children = (
				3790F49521D319E40060EA85 /* JavaScriptCore.framework */,
				D3BE371FC1A9E9275C2F3ECC /* Pods_GICTutorial.framework */,
			);
			name = Frameworks;
			sourceTree = "<group>";
		};
		37D4FC9521CA336E00496B69 = {
			isa = PBXGroup;
			children = (
				37D4FCA021CA336E00496B69 /* GICTutorial */,
				37D4FC9F21CA336E00496B69 /* Products */,
				3790F49421D319E40060EA85 /* Frameworks */,
				B2FB3237A50234287F1D3F13 /* Pods */,
			);
			sourceTree = "<group>";
		};
		37D4FC9F21CA336E00496B69 /* Products */ = {
			isa = PBXGroup;
			children = (
				37D4FC9E21CA336E00496B69 /* GICTutorial.app */,
			);
			name = Products;
			sourceTree = "<group>";
		};
		37D4FCA021CA336E00496B69 /* GICTutorial */ = {
			isa = PBXGroup;
			children = (
				37D4FCEB21CC869700496B69 /* project */,
				37D4FCB721CA37FB00496B69 /* gic */,
				37D4FCA121CA336E00496B69 /* AppDelegate.h */,
				37D4FCA221CA336E00496B69 /* AppDelegate.m */,
				37D4FCA421CA336E00496B69 /* ViewController.h */,
				37D4FCA521CA336E00496B69 /* ViewController.m */,
				37D4FCDA21CB82F600496B69 /* PackageManager.h */,
				37D4FCDB21CB82F700496B69 /* PackageManager.m */,
				37D4FCA721CA336E00496B69 /* Main.storyboard */,
				37D4FCAA21CA336F00496B69 /* Assets.xcassets */,
				37D4FCAC21CA336F00496B69 /* LaunchScreen.storyboard */,
				37D4FCAF21CA336F00496B69 /* Info.plist */,
				37D4FCB021CA336F00496B69 /* main.m */,
			);
			path = GICTutorial;
			sourceTree = "<group>";
		};
		37D4FCB721CA37FB00496B69 /* gic */ = {
			isa = PBXGroup;
			children = (
				37D4FCB821CA37FB00496B69 /* js */,
				37D4FCB921CA37FB00496B69 /* elements */,
				37D4FCBA21CA37FB00496B69 /* behaviors */,
				37D4FCCB21CB2EAF00496B69 /* hotreload */,
			);
			path = gic;
			sourceTree = "<group>";
		};
		37D4FCB821CA37FB00496B69 /* js */ = {
			isa = PBXGroup;
			children = (
				37D4FCEE21CC86B200496B69 /* JSAPIExtension.h */,
				37D4FCED21CC86B200496B69 /* JSAPIExtension.m */,
			);
			path = js;
			sourceTree = "<group>";
		};
		37D4FCB921CA37FB00496B69 /* elements */ = {
			isa = PBXGroup;
			children = (
			);
			path = elements;
			sourceTree = "<group>";
		};
		37D4FCBA21CA37FB00496B69 /* behaviors */ = {
			isa = PBXGroup;
			children = (
			);
			path = behaviors;
			sourceTree = "<group>";
		};
		37D4FCCB21CB2EAF00496B69 /* hotreload */ = {
			isa = PBXGroup;
			children = (
				37D4FCD521CB7C6900496B69 /* GICFileWatcher.html */,
				37D4FCCD21CB2EAF00496B69 /* GICXMLLayoutDevTools.h */,
				37D4FCCC21CB2EAF00496B69 /* GICXMLLayoutDevTools.m */,
			);
			path = hotreload;
			sourceTree = "<group>";
		};
		B2FB3237A50234287F1D3F13 /* Pods */ = {
			isa = PBXGroup;
			children = (
				2664D5E9FD19C1DB134EFBE1 /* Pods-GICTutorial.debug.xcconfig */,
				1744B769CEFB5A5D60860BB2 /* Pods-GICTutorial.release.xcconfig */,
			);
			name = Pods;
			sourceTree = "<group>";
		};
/* End PBXGroup section */

/* Begin PBXNativeTarget section */
		37D4FC9D21CA336E00496B69 /* GICTutorial */ = {
			isa = PBXNativeTarget;
			buildConfigurationList = 37D4FCB421CA336F00496B69 /* Build configuration list for PBXNativeTarget "GICTutorial" */;
			buildPhases = (
				8DCD6DA13262E5CF5FCE3B11 /* [CP] Check Pods Manifest.lock */,
				37D4FC9A21CA336E00496B69 /* Sources */,
				37D4FC9B21CA336E00496B69 /* Frameworks */,
				37D4FC9C21CA336E00496B69 /* Resources */,
				B7714B4D4BFE9011A74AD672 /* [CP] Embed Pods Frameworks */,
			);
			buildRules = (
			);
			dependencies = (
			);
			name = GICTutorial;
			productName = GICTutorial;
			productReference = 37D4FC9E21CA336E00496B69 /* GICTutorial.app */;
			productType = "com.apple.product-type.application";
		};
/* End PBXNativeTarget section */

/* Begin PBXProject section */
		37D4FC9621CA336E00496B69 /* Project object */ = {
			isa = PBXProject;
			attributes = {
				LastUpgradeCheck = 0940;
				ORGANIZATIONNAME = "龚海伟";
				TargetAttributes = {
					37D4FC9D21CA336E00496B69 = {
						CreatedOnToolsVersion = 9.4;
					};
				};
			};
			buildConfigurationList = 37D4FC9921CA336E00496B69 /* Build configuration list for PBXProject "GICTutorial" */;
			compatibilityVersion = "Xcode 9.3";
			developmentRegion = en;
			hasScannedForEncodings = 0;
			knownRegions = (
				en,
				Base,
			);
			mainGroup = 37D4FC9521CA336E00496B69;
			productRefGroup = 37D4FC9F21CA336E00496B69 /* Products */;
			projectDirPath = "";
			projectRoot = "";
			targets = (
				37D4FC9D21CA336E00496B69 /* GICTutorial */,
			);
		};
/* End PBXProject section */

/* Begin PBXResourcesBuildPhase section */
		37D4FC9C21CA336E00496B69 /* Resources */ = {
			isa = PBXResourcesBuildPhase;
			buildActionMask = 2147483647;
			files = (
				37D4FCAE21CA336F00496B69 /* LaunchScreen.storyboard in Resources */,
				37D4FCD621CB7C6900496B69 /* GICFileWatcher.html in Resources */,
				37D4FCEC21CC869700496B69 /* project in Resources */,
				37D4FCAB21CA336F00496B69 /* Assets.xcassets in Resources */,
				37D4FCA921CA336E00496B69 /* Main.storyboard in Resources */,
			);
			runOnlyForDeploymentPostprocessing = 0;
		};
/* End PBXResourcesBuildPhase section */

/* Begin PBXShellScriptBuildPhase section */
		8DCD6DA13262E5CF5FCE3B11 /* [CP] Check Pods Manifest.lock */ = {
			isa = PBXShellScriptBuildPhase;
			buildActionMask = 2147483647;
			files = (
			);
			inputPaths = (
				"${PODS_PODFILE_DIR_PATH}/Podfile.lock",
				"${PODS_ROOT}/Manifest.lock",
			);
			name = "[CP] Check Pods Manifest.lock";
			outputPaths = (
				"$(DERIVED_FILE_DIR)/Pods-GICTutorial-checkManifestLockResult.txt",
			);
			runOnlyForDeploymentPostprocessing = 0;
			shellPath = /bin/sh;
			shellScript = "diff \"${PODS_PODFILE_DIR_PATH}/Podfile.lock\" \"${PODS_ROOT}/Manifest.lock\" > /dev/null\nif [ $? != 0 ] ; then\n    # print error to STDERR\n    echo \"error: The sandbox is not in sync with the Podfile.lock. Run 'pod install' or update your CocoaPods installation.\" >&2\n    exit 1\nfi\n# This output is used by Xcode 'outputs' to avoid re-running this script phase.\necho \"SUCCESS\" > \"${SCRIPT_OUTPUT_FILE_0}\"\n";
			showEnvVarsInLog = 0;
		};
		B7714B4D4BFE9011A74AD672 /* [CP] Embed Pods Frameworks */ = {
			isa = PBXShellScriptBuildPhase;
			buildActionMask = 2147483647;
			files = (
			);
			inputPaths = (
				"${SRCROOT}/Pods/Target Support Files/Pods-GICTutorial/Pods-GICTutorial-frameworks.sh",
				"${BUILT_PRODUCTS_DIR}/GDataXMLNode_GIC/GDataXMLNode_GIC.framework",
				"${BUILT_PRODUCTS_DIR}/GICJsonParser/GICJsonParser.framework",
				"${BUILT_PRODUCTS_DIR}/GICXMLLayout/GICXMLLayout.framework",
				"${BUILT_PRODUCTS_DIR}/PINCache/PINCache.framework",
				"${BUILT_PRODUCTS_DIR}/PINOperation/PINOperation.framework",
				"${BUILT_PRODUCTS_DIR}/PINRemoteImage/PINRemoteImage.framework",
				"${BUILT_PRODUCTS_DIR}/ReactiveObjC/ReactiveObjC.framework",
				"${BUILT_PRODUCTS_DIR}/Texture/AsyncDisplayKit.framework",
				"${BUILT_PRODUCTS_DIR}/ZipArchive/ZipArchive.framework",
				"${BUILT_PRODUCTS_DIR}/pop/pop.framework",
			);
			name = "[CP] Embed Pods Frameworks";
			outputPaths = (
				"${TARGET_BUILD_DIR}/${FRAMEWORKS_FOLDER_PATH}/GDataXMLNode_GIC.framework",
				"${TARGET_BUILD_DIR}/${FRAMEWORKS_FOLDER_PATH}/GICJsonParser.framework",
				"${TARGET_BUILD_DIR}/${FRAMEWORKS_FOLDER_PATH}/GICXMLLayout.framework",
				"${TARGET_BUILD_DIR}/${FRAMEWORKS_FOLDER_PATH}/PINCache.framework",
				"${TARGET_BUILD_DIR}/${FRAMEWORKS_FOLDER_PATH}/PINOperation.framework",
				"${TARGET_BUILD_DIR}/${FRAMEWORKS_FOLDER_PATH}/PINRemoteImage.framework",
				"${TARGET_BUILD_DIR}/${FRAMEWORKS_FOLDER_PATH}/ReactiveObjC.framework",
				"${TARGET_BUILD_DIR}/${FRAMEWORKS_FOLDER_PATH}/AsyncDisplayKit.framework",
				"${TARGET_BUILD_DIR}/${FRAMEWORKS_FOLDER_PATH}/ZipArchive.framework",
				"${TARGET_BUILD_DIR}/${FRAMEWORKS_FOLDER_PATH}/pop.framework",
			);
			runOnlyForDeploymentPostprocessing = 0;
			shellPath = /bin/sh;
			shellScript = "\"${SRCROOT}/Pods/Target Support Files/Pods-GICTutorial/Pods-GICTutorial-frameworks.sh\"\n";
			showEnvVarsInLog = 0;
		};
/* End PBXShellScriptBuildPhase section */

/* Begin PBXSourcesBuildPhase section */
		37D4FC9A21CA336E00496B69 /* Sources */ = {
			isa = PBXSourcesBuildPhase;
			buildActionMask = 2147483647;
			files = (
				37D4FCA621CA336E00496B69 /* ViewController.m in Sources */,
				37D4FCB121CA336F00496B69 /* main.m in Sources */,
				37D4FCDC21CB82F700496B69 /* PackageManager.m in Sources */,
				37D4FCEF21CC86B300496B69 /* JSAPIExtension.m in Sources */,
				37D4FCA321CA336E00496B69 /* AppDelegate.m in Sources */,
				37D4FCCE21CB2EAF00496B69 /* GICXMLLayoutDevTools.m in Sources */,
			);
			runOnlyForDeploymentPostprocessing = 0;
		};
/* End PBXSourcesBuildPhase section */

/* Begin PBXVariantGroup section */
		37D4FCA721CA336E00496B69 /* Main.storyboard */ = {
			isa = PBXVariantGroup;
			children = (
				37D4FCA821CA336E00496B69 /* Base */,
			);
			name = Main.storyboard;
			sourceTree = "<group>";
		};
		37D4FCAC21CA336F00496B69 /* LaunchScreen.storyboard */ = {
			isa = PBXVariantGroup;
			children = (
				37D4FCAD21CA336F00496B69 /* Base */,
			);
			name = LaunchScreen.storyboard;
			sourceTree = "<group>";
		};
/* End PBXVariantGroup section */

/* Begin XCBuildConfiguration section */
		37D4FCB221CA336F00496B69 /* Debug */ = {
			isa = XCBuildConfiguration;
			buildSettings = {
				ALWAYS_SEARCH_USER_PATHS = NO;
				CLANG_ANALYZER_NONNULL = YES;
				CLANG_ANALYZER_NUMBER_OBJECT_CONVERSION = YES_AGGRESSIVE;
				CLANG_CXX_LANGUAGE_STANDARD = "gnu++14";
				CLANG_CXX_LIBRARY = "libc++";
				CLANG_ENABLE_MODULES = YES;
				CLANG_ENABLE_OBJC_ARC = YES;
				CLANG_ENABLE_OBJC_WEAK = YES;
				CLANG_WARN_BLOCK_CAPTURE_AUTORELEASING = YES;
				CLANG_WARN_BOOL_CONVERSION = YES;
				CLANG_WARN_COMMA = YES;
				CLANG_WARN_CONSTANT_CONVERSION = YES;
				CLANG_WARN_DEPRECATED_OBJC_IMPLEMENTATIONS = YES;
				CLANG_WARN_DIRECT_OBJC_ISA_USAGE = YES_ERROR;
				CLANG_WARN_DOCUMENTATION_COMMENTS = YES;
				CLANG_WARN_EMPTY_BODY = YES;
				CLANG_WARN_ENUM_CONVERSION = YES;
				CLANG_WARN_INFINITE_RECURSION = YES;
				CLANG_WARN_INT_CONVERSION = YES;
				CLANG_WARN_NON_LITERAL_NULL_CONVERSION = YES;
				CLANG_WARN_OBJC_IMPLICIT_RETAIN_SELF = YES;
				CLANG_WARN_OBJC_LITERAL_CONVERSION = YES;
				CLANG_WARN_OBJC_ROOT_CLASS = YES_ERROR;
				CLANG_WARN_RANGE_LOOP_ANALYSIS = YES;
				CLANG_WARN_STRICT_PROTOTYPES = YES;
				CLANG_WARN_SUSPICIOUS_MOVE = YES;
				CLANG_WARN_UNGUARDED_AVAILABILITY = YES_AGGRESSIVE;
				CLANG_WARN_UNREACHABLE_CODE = YES;
				CLANG_WARN__DUPLICATE_METHOD_MATCH = YES;
				CODE_SIGN_IDENTITY = "iPhone Developer";
				COPY_PHASE_STRIP = NO;
				DEBUG_INFORMATION_FORMAT = dwarf;
				ENABLE_STRICT_OBJC_MSGSEND = YES;
				ENABLE_TESTABILITY = YES;
				GCC_C_LANGUAGE_STANDARD = gnu11;
				GCC_DYNAMIC_NO_PIC = NO;
				GCC_NO_COMMON_BLOCKS = YES;
				GCC_OPTIMIZATION_LEVEL = 0;
				GCC_PREPROCESSOR_DEFINITIONS = (
					"DEBUG=1",
					"$(inherited)",
				);
				GCC_WARN_64_TO_32_BIT_CONVERSION = YES;
				GCC_WARN_ABOUT_RETURN_TYPE = YES_ERROR;
				GCC_WARN_UNDECLARED_SELECTOR = YES;
				GCC_WARN_UNINITIALIZED_AUTOS = YES_AGGRESSIVE;
				GCC_WARN_UNUSED_FUNCTION = YES;
				GCC_WARN_UNUSED_VARIABLE = YES;
				IPHONEOS_DEPLOYMENT_TARGET = 11.4;
				MTL_ENABLE_DEBUG_INFO = YES;
				ONLY_ACTIVE_ARCH = YES;
				SDKROOT = iphoneos;
			};
			name = Debug;
		};
		37D4FCB321CA336F00496B69 /* Release */ = {
			isa = XCBuildConfiguration;
			buildSettings = {
				ALWAYS_SEARCH_USER_PATHS = NO;
				CLANG_ANALYZER_NONNULL = YES;
				CLANG_ANALYZER_NUMBER_OBJECT_CONVERSION = YES_AGGRESSIVE;
				CLANG_CXX_LANGUAGE_STANDARD = "gnu++14";
				CLANG_CXX_LIBRARY = "libc++";
				CLANG_ENABLE_MODULES = YES;
				CLANG_ENABLE_OBJC_ARC = YES;
				CLANG_ENABLE_OBJC_WEAK = YES;
				CLANG_WARN_BLOCK_CAPTURE_AUTORELEASING = YES;
				CLANG_WARN_BOOL_CONVERSION = YES;
				CLANG_WARN_COMMA = YES;
				CLANG_WARN_CONSTANT_CONVERSION = YES;
				CLANG_WARN_DEPRECATED_OBJC_IMPLEMENTATIONS = YES;
				CLANG_WARN_DIRECT_OBJC_ISA_USAGE = YES_ERROR;
				CLANG_WARN_DOCUMENTATION_COMMENTS = YES;
				CLANG_WARN_EMPTY_BODY = YES;
				CLANG_WARN_ENUM_CONVERSION = YES;
				CLANG_WARN_INFINITE_RECURSION = YES;
				CLANG_WARN_INT_CONVERSION = YES;
				CLANG_WARN_NON_LITERAL_NULL_CONVERSION = YES;
				CLANG_WARN_OBJC_IMPLICIT_RETAIN_SELF = YES;
				CLANG_WARN_OBJC_LITERAL_CONVERSION = YES;
				CLANG_WARN_OBJC_ROOT_CLASS = YES_ERROR;
				CLANG_WARN_RANGE_LOOP_ANALYSIS = YES;
				CLANG_WARN_STRICT_PROTOTYPES = YES;
				CLANG_WARN_SUSPICIOUS_MOVE = YES;
				CLANG_WARN_UNGUARDED_AVAILABILITY = YES_AGGRESSIVE;
				CLANG_WARN_UNREACHABLE_CODE = YES;
				CLANG_WARN__DUPLICATE_METHOD_MATCH = YES;
				CODE_SIGN_IDENTITY = "iPhone Developer";
				COPY_PHASE_STRIP = NO;
				DEBUG_INFORMATION_FORMAT = "dwarf-with-dsym";
				ENABLE_NS_ASSERTIONS = NO;
				ENABLE_STRICT_OBJC_MSGSEND = YES;
				GCC_C_LANGUAGE_STANDARD = gnu11;
				GCC_NO_COMMON_BLOCKS = YES;
				GCC_WARN_64_TO_32_BIT_CONVERSION = YES;
				GCC_WARN_ABOUT_RETURN_TYPE = YES_ERROR;
				GCC_WARN_UNDECLARED_SELECTOR = YES;
				GCC_WARN_UNINITIALIZED_AUTOS = YES_AGGRESSIVE;
				GCC_WARN_UNUSED_FUNCTION = YES;
				GCC_WARN_UNUSED_VARIABLE = YES;
				IPHONEOS_DEPLOYMENT_TARGET = 11.4;
				MTL_ENABLE_DEBUG_INFO = NO;
				SDKROOT = iphoneos;
				VALIDATE_PRODUCT = YES;
			};
			name = Release;
		};
		37D4FCB521CA336F00496B69 /* Debug */ = {
			isa = XCBuildConfiguration;
			baseConfigurationReference = 2664D5E9FD19C1DB134EFBE1 /* Pods-GICTutorial.debug.xcconfig */;
			buildSettings = {
				ASSETCATALOG_COMPILER_APPICON_NAME = AppIcon;
				CODE_SIGN_STYLE = Automatic;
				DEVELOPMENT_TEAM = "";
				INFOPLIST_FILE = GICTutorial/Info.plist;
				IPHONEOS_DEPLOYMENT_TARGET = 8.0;
				LD_RUNPATH_SEARCH_PATHS = (
					"$(inherited)",
					"@executable_path/Frameworks",
				);
				PRODUCT_BUNDLE_IDENTIFIER = HP.GICTutorial;
				PRODUCT_NAME = "$(TARGET_NAME)";
				PROVISIONING_PROFILE_SPECIFIER = "";
				TARGETED_DEVICE_FAMILY = "1,2";
			};
			name = Debug;
		};
		37D4FCB621CA336F00496B69 /* Release */ = {
			isa = XCBuildConfiguration;
			baseConfigurationReference = 1744B769CEFB5A5D60860BB2 /* Pods-GICTutorial.release.xcconfig */;
			buildSettings = {
				ASSETCATALOG_COMPILER_APPICON_NAME = AppIcon;
				CODE_SIGN_STYLE = Automatic;
				DEVELOPMENT_TEAM = "";
				INFOPLIST_FILE = GICTutorial/Info.plist;
				IPHONEOS_DEPLOYMENT_TARGET = 8.0;
				LD_RUNPATH_SEARCH_PATHS = (
					"$(inherited)",
					"@executable_path/Frameworks",
				);
				PRODUCT_BUNDLE_IDENTIFIER = HP.GICTutorial;
				PRODUCT_NAME = "$(TARGET_NAME)";
				PROVISIONING_PROFILE_SPECIFIER = "";
				TARGETED_DEVICE_FAMILY = "1,2";
			};
			name = Release;
		};
/* End XCBuildConfiguration section */

/* Begin XCConfigurationList section */
		37D4FC9921CA336E00496B69 /* Build configuration list for PBXProject "GICTutorial" */ = {
			isa = XCConfigurationList;
			buildConfigurations = (
				37D4FCB221CA336F00496B69 /* Debug */,
				37D4FCB321CA336F00496B69 /* Release */,
			);
			defaultConfigurationIsVisible = 0;
			defaultConfigurationName = Release;
		};
		37D4FCB421CA336F00496B69 /* Build configuration list for PBXNativeTarget "GICTutorial" */ = {
			isa = XCConfigurationList;
			buildConfigurations = (
				37D4FCB521CA336F00496B69 /* Debug */,
				37D4FCB621CA336F00496B69 /* Release */,
			);
			defaultConfigurationIsVisible = 0;
			defaultConfigurationName = Release;
		};
/* End XCConfigurationList section */
	};
	rootObject = 37D4FC9621CA336E00496B69 /* Project object */;
}
